// !$*UTF8*$!
{
	archiveVersion = 1;
	classes = {
	};
	objectVersion = 77;
	objects = {

/* Begin PBXContainerItemProxy section */
		658EDC992D85A68A00F9E6FD /* PBXContainerItemProxy */ = {
			isa = PBXContainerItemProxy;
			containerPortal = 658EDC7A2D85A68800F9E6FD /* Project object */;
			proxyType = 1;
			remoteGlobalIDString = 658EDC812D85A68800F9E6FD;
			remoteInfo = yogaNow;
		};
		658EDCA32D85A68A00F9E6FD /* PBXContainerItemProxy */ = {
			isa = PBXContainerItemProxy;
			containerPortal = 658EDC7A2D85A68800F9E6FD /* Project object */;
			proxyType = 1;
			remoteGlobalIDString = 658EDC812D85A68800F9E6FD;
			remoteInfo = yogaNow;
		};
/* End PBXContainerItemProxy section */

/* Begin PBXFileReference section */
		658EDC822D85A68800F9E6FD /* yogaNow.app */ = {isa = PBXFileReference; explicitFileType = wrapper.application; includeInIndex = 0; path = yogaNow.app; sourceTree = BUILT_PRODUCTS_DIR; };
		658EDC982D85A68A00F9E6FD /* yogaNowTests.xctest */ = {isa = PBXFileReference; explicitFileType = wrapper.cfbundle; includeInIndex = 0; path = yogaNowTests.xctest; sourceTree = BUILT_PRODUCTS_DIR; };
		658EDCA22D85A68A00F9E6FD /* yogaNowUITests.xctest */ = {isa = PBXFileReference; explicitFileType = wrapper.cfbundle; includeInIndex = 0; path = yogaNowUITests.xctest; sourceTree = BUILT_PRODUCTS_DIR; };
/* End PBXFileReference section */

/* Begin PBXFileSystemSynchronizedBuildFileExceptionSet section */
		658EDCAA2D85A68A00F9E6FD /* Exceptions for "yogaNow" folder in "yogaNow" target */ = {
			isa = PBXFileSystemSynchronizedBuildFileExceptionSet;
			membershipExceptions = (
				Info.plist,
			);
			target = 658EDC812D85A68800F9E6FD /* yogaNow */;
		};
/* End PBXFileSystemSynchronizedBuildFileExceptionSet section */

/* Begin PBXFileSystemSynchronizedRootGroup section */
		658EDC842D85A68800F9E6FD /* yogaNow */ = {
			isa = PBXFileSystemSynchronizedRootGroup;
			exceptions = (
				658EDCAA2D85A68A00F9E6FD /* Exceptions for "yogaNow" folder in "yogaNow" target */,
			);
			path = yogaNow;
			sourceTree = "<group>";
		};
		658EDC9B2D85A68A00F9E6FD /* yogaNowTests */ = {
			isa = PBXFileSystemSynchronizedRootGroup;
			path = yogaNowTests;
			sourceTree = "<group>";
		};
		658EDCA52D85A68A00F9E6FD /* yogaNowUITests */ = {
			isa = PBXFileSystemSynchronizedRootGroup;
			path = yogaNowUITests;
			sourceTree = "<group>";
		};
/* End PBXFileSystemSynchronizedRootGroup section */

/* Begin PBXFrameworksBuildPhase section */
		658EDC7F2D85A68800F9E6FD /* Frameworks */ = {
			isa = PBXFrameworksBuildPhase;
			buildActionMask = 2147483647;
			files = (
			);
			runOnlyForDeploymentPostprocessing = 0;
		};
		658EDC952D85A68A00F9E6FD /* Frameworks */ = {
			isa = PBXFrameworksBuildPhase;
			buildActionMask = 2147483647;
			files = (
			);
			runOnlyForDeploymentPostprocessing = 0;
		};
		658EDC9F2D85A68A00F9E6FD /* Frameworks */ = {
			isa = PBXFrameworksBuildPhase;
			buildActionMask = 2147483647;
			files = (
			);
			runOnlyForDeploymentPostprocessing = 0;
		};
/* End PBXFrameworksBuildPhase section */

/* Begin PBXGroup section */
		658EDC792D85A68800F9E6FD = {
			isa = PBXGroup;
			children = (
				658EDC842D85A68800F9E6FD /* yogaNow */,
				658EDC9B2D85A68A00F9E6FD /* yogaNowTests */,
				658EDCA52D85A68A00F9E6FD /* yogaNowUITests */,
				658EDC832D85A68800F9E6FD /* Products */,
			);
			sourceTree = "<group>";
		};
		658EDC832D85A68800F9E6FD /* Products */ = {
			isa = PBXGroup;
			children = (
				658EDC822D85A68800F9E6FD /* yogaNow.app */,
				658EDC982D85A68A00F9E6FD /* yogaNowTests.xctest */,
				658EDCA22D85A68A00F9E6FD /* yogaNowUITests.xctest */,
			);
			name = Products;
			sourceTree = "<group>";
		};
/* End PBXGroup section */

/* Begin PBXNativeTarget section */
		658EDC812D85A68800F9E6FD /* yogaNow */ = {
			isa = PBXNativeTarget;
			buildConfigurationList = 658EDCAB2D85A68A00F9E6FD /* Build configuration list for PBXNativeTarget "yogaNow" */;
			buildPhases = (
				658EDC7E2D85A68800F9E6FD /* Sources */,
				658EDC7F2D85A68800F9E6FD /* Frameworks */,
				658EDC802D85A68800F9E6FD /* Resources */,
			);
			buildRules = (
			);
			dependencies = (
			);
			fileSystemSynchronizedGroups = (
				658EDC842D85A68800F9E6FD /* yogaNow */,
			);
			name = yogaNow;
			packageProductDependencies = (
			);
			productName = yogaNow;
			productReference = 658EDC822D85A68800F9E6FD /* yogaNow.app */;
			productType = "com.apple.product-type.application";
		};
		658EDC972D85A68A00F9E6FD /* yogaNowTests */ = {
			isa = PBXNativeTarget;
			buildConfigurationList = 658EDCB02D85A68A00F9E6FD /* Build configuration list for PBXNativeTarget "yogaNowTests" */;
			buildPhases = (
				658EDC942D85A68A00F9E6FD /* Sources */,
				658EDC952D85A68A00F9E6FD /* Frameworks */,
				658EDC962D85A68A00F9E6FD /* Resources */,
			);
			buildRules = (
			);
			dependencies = (
				658EDC9A2D85A68A00F9E6FD /* PBXTargetDependency */,
			);
			fileSystemSynchronizedGroups = (
				658EDC9B2D85A68A00F9E6FD /* yogaNowTests */,
			);
			name = yogaNowTests;
			packageProductDependencies = (
			);
			productName = yogaNowTests;
			productReference = 658EDC982D85A68A00F9E6FD /* yogaNowTests.xctest */;
			productType = "com.apple.product-type.bundle.unit-test";
		};
		658EDCA12D85A68A00F9E6FD /* yogaNowUITests */ = {
			isa = PBXNativeTarget;
			buildConfigurationList = 658EDCB32D85A68A00F9E6FD /* Build configuration list for PBXNativeTarget "yogaNowUITests" */;
			buildPhases = (
				658EDC9E2D85A68A00F9E6FD /* Sources */,
				658EDC9F2D85A68A00F9E6FD /* Frameworks */,
				658EDCA02D85A68A00F9E6FD /* Resources */,
			);
			buildRules = (
			);
			dependencies = (
				658EDCA42D85A68A00F9E6FD /* PBXTargetDependency */,
			);
			fileSystemSynchronizedGroups = (
				658EDCA52D85A68A00F9E6FD /* yogaNowUITests */,
			);
			name = yogaNowUITests;
			packageProductDependencies = (
			);
			productName = yogaNowUITests;
			productReference = 658EDCA22D85A68A00F9E6FD /* yogaNowUITests.xctest */;
			productType = "com.apple.product-type.bundle.ui-testing";
		};
/* End PBXNativeTarget section */

/* Begin PBXProject section */
		658EDC7A2D85A68800F9E6FD /* Project object */ = {
			isa = PBXProject;
			attributes = {
				BuildIndependentTargetsInParallel = 1;
				LastSwiftUpdateCheck = 1620;
				LastUpgradeCheck = 1620;
				TargetAttributes = {
					658EDC812D85A68800F9E6FD = {
						CreatedOnToolsVersion = 16.2;
					};
					658EDC972D85A68A00F9E6FD = {
						CreatedOnToolsVersion = 16.2;
						TestTargetID = 658EDC812D85A68800F9E6FD;
					};
					658EDCA12D85A68A00F9E6FD = {
						CreatedOnToolsVersion = 16.2;
						TestTargetID = 658EDC812D85A68800F9E6FD;
					};
				};
			};
			buildConfigurationList = 658EDC7D2D85A68800F9E6FD /* Build configuration list for PBXProject "yogaNow" */;
			developmentRegion = en;
			hasScannedForEncodings = 0;
			knownRegions = (
				en,
				Base,
			);
			mainGroup = 658EDC792D85A68800F9E6FD;
			minimizedProjectReferenceProxies = 1;
			preferredProjectObjectVersion = 77;
			productRefGroup = 658EDC832D85A68800F9E6FD /* Products */;
			projectDirPath = "";
			projectRoot = "";
			targets = (
				658EDC812D85A68800F9E6FD /* yogaNow */,
				658EDC972D85A68A00F9E6FD /* yogaNowTests */,
				658EDCA12D85A68A00F9E6FD /* yogaNowUITests */,
			);
		};
/* End PBXProject section */

/* Begin PBXResourcesBuildPhase section */
		658EDC802D85A68800F9E6FD /* Resources */ = {
			isa = PBXResourcesBuildPhase;
			buildActionMask = 2147483647;
			files = (
			);
			runOnlyForDeploymentPostprocessing = 0;
		};
		658EDC962D85A68A00F9E6FD /* Resources */ = {
			isa = PBXResourcesBuildPhase;
			buildActionMask = 2147483647;
			files = (
			);
			runOnlyForDeploymentPostprocessing = 0;
		};
		658EDCA02D85A68A00F9E6FD /* Resources */ = {
			isa = PBXResourcesBuildPhase;
			buildActionMask = 2147483647;
			files = (
			);
			runOnlyForDeploymentPostprocessing = 0;
		};
/* End PBXResourcesBuildPhase section */

/* Begin PBXSourcesBuildPhase section */
		658EDC7E2D85A68800F9E6FD /* Sources */ = {
			isa = PBXSourcesBuildPhase;
			buildActionMask = 2147483647;
			files = (
			);
			runOnlyForDeploymentPostprocessing = 0;
		};
		658EDC942D85A68A00F9E6FD /* Sources */ = {
			isa = PBXSourcesBuildPhase;
			buildActionMask = 2147483647;
			files = (
			);
			runOnlyForDeploymentPostprocessing = 0;
		};
		658EDC9E2D85A68A00F9E6FD /* Sources */ = {
			isa = PBXSourcesBuildPhase;
			buildActionMask = 2147483647;
			files = (
			);
			runOnlyForDeploymentPostprocessing = 0;
		};
/* End PBXSourcesBuildPhase section */

/* Begin PBXTargetDependency section */
		658EDC9A2D85A68A00F9E6FD /* PBXTargetDependency */ = {
			isa = PBXTargetDependency;
			target = 658EDC812D85A68800F9E6FD /* yogaNow */;
			targetProxy = 658EDC992D85A68A00F9E6FD /* PBXContainerItemProxy */;
		};
		658EDCA42D85A68A00F9E6FD /* PBXTargetDependency */ = {
			isa = PBXTargetDependency;
			target = 658EDC812D85A68800F9E6FD /* yogaNow */;
			targetProxy = 658EDCA32D85A68A00F9E6FD /* PBXContainerItemProxy */;
		};
/* End PBXTargetDependency section */

/* Begin XCBuildConfiguration section */
		658EDCAC2D85A68A00F9E6FD /* Debug */ = {
			isa = XCBuildConfiguration;
			buildSettings = {
				ASSETCATALOG_COMPILER_APPICON_NAME = AppIcon;
				ASSETCATALOG_COMPILER_GLOBAL_ACCENT_COLOR_NAME = AccentColor;
				CODE_SIGN_STYLE = Automatic;
				CURRENT_PROJECT_VERSION = 1;
				DEVELOPMENT_TEAM = 2T3V43LQHY;
				GENERATE_INFOPLIST_FILE = YES;
				INFOPLIST_FILE = yogaNow/Info.plist;
				INFOPLIST_KEY_UIApplicationSupportsIndirectInputEvents = YES;
				INFOPLIST_KEY_UILaunchStoryboardName = LaunchScreen;
				INFOPLIST_KEY_UIMainStoryboardFile = Main;
				INFOPLIST_KEY_UISupportedInterfaceOrientations_iPad = "UIInterfaceOrientationPortrait UIInterfaceOrientationPortraitUpsideDown UIInterfaceOrientationLandscapeLeft UIInterfaceOrientationLandscapeRight";
				INFOPLIST_KEY_UISupportedInterfaceOrientations_iPhone = "UIInterfaceOrientationPortrait UIInterfaceOrientationLandscapeLeft UIInterfaceOrientationLandscapeRight";
				LD_RUNPATH_SEARCH_PATHS = (
					"$(inherited)",
					"@executable_path/Frameworks",
				);
				MARKETING_VERSION = 1.0;
				PRODUCT_BUNDLE_IDENTIFIER = com.somefit.yogaNow;
				PRODUCT_NAME = "$(TARGET_NAME)";
				SWIFT_EMIT_LOC_STRINGS = YES;
				SWIFT_VERSION = 5.0;
				TARGETED_DEVICE_FAMILY = "1,2";
			};
			name = Debug;
		};
		658EDCAD2D85A68A00F9E6FD /* Release */ = {
			isa = XCBuildConfiguration;
			buildSettings = {
				ASSETCATALOG_COMPILER_APPICON_NAME = AppIcon;
				ASSETCATALOG_COMPILER_GLOBAL_ACCENT_COLOR_NAME = AccentColor;
				CODE_SIGN_STYLE = Automatic;
				CURRENT_PROJECT_VERSION = 1;
				DEVELOPMENT_TEAM = 2T3V43LQHY;
				GENERATE_INFOPLIST_FILE = YES;
				INFOPLIST_FILE = yogaNow/Info.plist;
				INFOPLIST_KEY_UIApplicationSupportsIndirectInputEvents = YES;
				INFOPLIST_KEY_UILaunchStoryboardName = LaunchScreen;
				INFOPLIST_KEY_UIMainStoryboardFile = Main;
				INFOPLIST_KEY_UISupportedInterfaceOrientations_iPad = "UIInterfaceOrientationPortrait UIInterfaceOrientationPortraitUpsideDown UIInterfaceOrientationLandscapeLeft UIInterfaceOrientationLandscapeRight";
				INFOPLIST_KEY_UISupportedInterfaceOrientations_iPhone = "UIInterfaceOrientationPortrait UIInterfaceOrientationLandscapeLeft UIInterfaceOrientationLandscapeRight";
				LD_RUNPATH_SEARCH_PATHS = (
					"$(inherited)",
					"@executable_path/Frameworks",
				);
				MARKETING_VERSION = 1.0;
				PRODUCT_BUNDLE_IDENTIFIER = com.somefit.yogaNow;
				PRODUCT_NAME = "$(TARGET_NAME)";
				SWIFT_EMIT_LOC_STRINGS = YES;
				SWIFT_VERSION = 5.0;
				TARGETED_DEVICE_FAMILY = "1,2";
			};
			name = Release;
		};
		658EDCAE2D85A68A00F9E6FD /* Debug */ = {
			isa = XCBuildConfiguration;
			buildSettings = {
				ALWAYS_SEARCH_USER_PATHS = NO;
				ASSETCATALOG_COMPILER_GENERATE_SWIFT_ASSET_SYMBOL_EXTENSIONS = YES;
				CLANG_ANALYZER_NONNULL = YES;
				CLANG_ANALYZER_NUMBER_OBJECT_CONVERSION = YES_AGGRESSIVE;
				CLANG_CXX_LANGUAGE_STANDARD = "gnu++20";
				CLANG_ENABLE_MODULES = YES;
				CLANG_ENABLE_OBJC_ARC = YES;
				CLANG_ENABLE_OBJC_WEAK = YES;
				CLANG_WARN_BLOCK_CAPTURE_AUTORELEASING = YES;
				CLANG_WARN_BOOL_CONVERSION = YES;
				CLANG_WARN_COMMA = YES;
				CLANG_WARN_CONSTANT_CONVERSION = YES;
				CLANG_WARN_DEPRECATED_OBJC_IMPLEMENTATIONS = YES;
				CLANG_WARN_DIRECT_OBJC_ISA_USAGE = YES_ERROR;
				CLANG_WARN_DOCUMENTATION_COMMENTS = YES;
				CLANG_WARN_EMPTY_BODY = YES;
				CLANG_WARN_ENUM_CONVERSION = YES;
				CLANG_WARN_INFINITE_RECURSION = YES;
				CLANG_WARN_INT_CONVERSION = YES;
				CLANG_WARN_NON_LITERAL_NULL_CONVERSION = YES;
				CLANG_WARN_OBJC_IMPLICIT_RETAIN_SELF = YES;
				CLANG_WARN_OBJC_LITERAL_CONVERSION = YES;
				CLANG_WARN_OBJC_ROOT_CLASS = YES_ERROR;
				CLANG_WARN_QUOTED_INCLUDE_IN_FRAMEWORK_HEADER = YES;
				CLANG_WARN_RANGE_LOOP_ANALYSIS = YES;
				CLANG_WARN_STRICT_PROTOTYPES = YES;
				CLANG_WARN_SUSPICIOUS_MOVE = YES;
				CLANG_WARN_UNGUARDED_AVAILABILITY = YES_AGGRESSIVE;
				CLANG_WARN_UNREACHABLE_CODE = YES;
				CLANG_WARN__DUPLICATE_METHOD_MATCH = YES;
				COPY_PHASE_STRIP = NO;
				DEBUG_INFORMATION_FORMAT = dwarf;
				ENABLE_STRICT_OBJC_MSGSEND = YES;
				ENABLE_TESTABILITY = YES;
				ENABLE_USER_SCRIPT_SANDBOXING = YES;
				GCC_C_LANGUAGE_STANDARD = gnu17;
				GCC_DYNAMIC_NO_PIC = NO;
				GCC_NO_COMMON_BLOCKS = YES;
				GCC_OPTIMIZATION_LEVEL = 0;
				GCC_PREPROCESSOR_DEFINITIONS = (
					"DEBUG=1",
					"$(inherited)",
				);
				GCC_WARN_64_TO_32_BIT_CONVERSION = YES;
				GCC_WARN_ABOUT_RETURN_TYPE = YES_ERROR;
				GCC_WARN_UNDECLARED_SELECTOR = YES;
				GCC_WARN_UNINITIALIZED_AUTOS = YES_AGGRESSIVE;
				GCC_WARN_UNUSED_FUNCTION = YES;
				GCC_WARN_UNUSED_VARIABLE = YES;
				IPHONEOS_DEPLOYMENT_TARGET = 18.2;
				LOCALIZATION_PREFERS_STRING_CATALOGS = YES;
				MTL_ENABLE_DEBUG_INFO = INCLUDE_SOURCE;
				MTL_FAST_MATH = YES;
				ONLY_ACTIVE_ARCH = YES;
				SDKROOT = iphoneos;
				SWIFT_ACTIVE_COMPILATION_CONDITIONS = "DEBUG $(inherited)";
				SWIFT_OPTIMIZATION_LEVEL = "-Onone";
			};
			name = Debug;
		};
		658EDCAF2D85A68A00F9E6FD /* Release */ = {
			isa = XCBuildConfiguration;
			buildSettings = {
				ALWAYS_SEARCH_USER_PATHS = NO;
				ASSETCATALOG_COMPILER_GENERATE_SWIFT_ASSET_SYMBOL_EXTENSIONS = YES;
				CLANG_ANALYZER_NONNULL = YES;
				CLANG_ANALYZER_NUMBER_OBJECT_CONVERSION = YES_AGGRESSIVE;
				CLANG_CXX_LANGUAGE_STANDARD = "gnu++20";
				CLANG_ENABLE_MODULES = YES;
				CLANG_ENABLE_OBJC_ARC = YES;
				CLANG_ENABLE_OBJC_WEAK = YES;
				CLANG_WARN_BLOCK_CAPTURE_AUTORELEASING = YES;
				CLANG_WARN_BOOL_CONVERSION = YES;
				CLANG_WARN_COMMA = YES;
				CLANG_WARN_CONSTANT_CONVERSION = YES;
				CLANG_WARN_DEPRECATED_OBJC_IMPLEMENTATIONS = YES;
				CLANG_WARN_DIRECT_OBJC_ISA_USAGE = YES_ERROR;
				CLANG_WARN_DOCUMENTATION_COMMENTS = YES;
				CLANG_WARN_EMPTY_BODY = YES;
				CLANG_WARN_ENUM_CONVERSION = YES;
				CLANG_WARN_INFINITE_RECURSION = YES;
				CLANG_WARN_INT_CONVERSION = YES;
				CLANG_WARN_NON_LITERAL_NULL_CONVERSION = YES;
				CLANG_WARN_OBJC_IMPLICIT_RETAIN_SELF = YES;
				CLANG_WARN_OBJC_LITERAL_CONVERSION = YES;
				CLANG_WARN_OBJC_ROOT_CLASS = YES_ERROR;
				CLANG_WARN_QUOTED_INCLUDE_IN_FRAMEWORK_HEADER = YES;
				CLANG_WARN_RANGE_LOOP_ANALYSIS = YES;
				CLANG_WARN_STRICT_PROTOTYPES = YES;
				CLANG_WARN_SUSPICIOUS_MOVE = YES;
				CLANG_WARN_UNGUARDED_AVAILABILITY = YES_AGGRESSIVE;
				CLANG_WARN_UNREACHABLE_CODE = YES;
				CLANG_WARN__DUPLICATE_METHOD_MATCH = YES;
				COPY_PHASE_STRIP = NO;
				DEBUG_INFORMATION_FORMAT = "dwarf-with-dsym";
				ENABLE_NS_ASSERTIONS = NO;
				ENABLE_STRICT_OBJC_MSGSEND = YES;
				ENABLE_USER_SCRIPT_SANDBOXING = YES;
				GCC_C_LANGUAGE_STANDARD = gnu17;
				GCC_NO_COMMON_BLOCKS = YES;
				GCC_WARN_64_TO_32_BIT_CONVERSION = YES;
				GCC_WARN_ABOUT_RETURN_TYPE = YES_ERROR;
				GCC_WARN_UNDECLARED_SELECTOR = YES;
				GCC_WARN_UNINITIALIZED_AUTOS = YES_AGGRESSIVE;
				GCC_WARN_UNUSED_FUNCTION = YES;
				GCC_WARN_UNUSED_VARIABLE = YES;
				IPHONEOS_DEPLOYMENT_TARGET = 18.2;
				LOCALIZATION_PREFERS_STRING_CATALOGS = YES;
				MTL_ENABLE_DEBUG_INFO = NO;
				MTL_FAST_MATH = YES;
				SDKROOT = iphoneos;
				SWIFT_COMPILATION_MODE = wholemodule;
				VALIDATE_PRODUCT = YES;
			};
			name = Release;
		};
		658EDCB12D85A68A00F9E6FD /* Debug */ = {
			isa = XCBuildConfiguration;
			buildSettings = {
				BUNDLE_LOADER = "$(TEST_HOST)";
				CODE_SIGN_STYLE = Automatic;
				CURRENT_PROJECT_VERSION = 1;
				DEVELOPMENT_TEAM = 2T3V43LQHY;
				GENERATE_INFOPLIST_FILE = YES;
				IPHONEOS_DEPLOYMENT_TARGET = 18.2;
				MARKETING_VERSION = 1.0;
				PRODUCT_BUNDLE_IDENTIFIER = com.somefit.yogaNowTests;
				PRODUCT_NAME = "$(TARGET_NAME)";
				SWIFT_EMIT_LOC_STRINGS = NO;
				SWIFT_VERSION = 5.0;
				TARGETED_DEVICE_FAMILY = "1,2";
				TEST_HOST = "$(BUILT_PRODUCTS_DIR)/yogaNow.app/$(BUNDLE_EXECUTABLE_FOLDER_PATH)/yogaNow";
			};
			name = Debug;
		};
		658EDCB22D85A68A00F9E6FD /* Release */ = {
			isa = XCBuildConfiguration;
			buildSettings = {
				BUNDLE_LOADER = "$(TEST_HOST)";
				CODE_SIGN_STYLE = Automatic;
				CURRENT_PROJECT_VERSION = 1;
				DEVELOPMENT_TEAM = 2T3V43LQHY;
				GENERATE_INFOPLIST_FILE = YES;
				IPHONEOS_DEPLOYMENT_TARGET = 18.2;
				MARKETING_VERSION = 1.0;
				PRODUCT_BUNDLE_IDENTIFIER = com.somefit.yogaNowTests;
				PRODUCT_NAME = "$(TARGET_NAME)";
				SWIFT_EMIT_LOC_STRINGS = NO;
				SWIFT_VERSION = 5.0;
				TARGETED_DEVICE_FAMILY = "1,2";
				TEST_HOST = "$(BUILT_PRODUCTS_DIR)/yogaNow.app/$(BUNDLE_EXECUTABLE_FOLDER_PATH)/yogaNow";
			};
			name = Release;
		};
		658EDCB42D85A68A00F9E6FD /* Debug */ = {
			isa = XCBuildConfiguration;
			buildSettings = {
				CODE_SIGN_STYLE = Automatic;
				CURRENT_PROJECT_VERSION = 1;
				DEVELOPMENT_TEAM = 2T3V43LQHY;
				GENERATE_INFOPLIST_FILE = YES;
				MARKETING_VERSION = 1.0;
				PRODUCT_BUNDLE_IDENTIFIER = com.somefit.yogaNowUITests;
				PRODUCT_NAME = "$(TARGET_NAME)";
				SWIFT_EMIT_LOC_STRINGS = NO;
				SWIFT_VERSION = 5.0;
				TARGETED_DEVICE_FAMILY = "1,2";
				TEST_TARGET_NAME = yogaNow;
			};
			name = Debug;
		};
		658EDCB52D85A68A00F9E6FD /* Release */ = {
			isa = XCBuildConfiguration;
			buildSettings = {
				CODE_SIGN_STYLE = Automatic;
				CURRENT_PROJECT_VERSION = 1;
				DEVELOPMENT_TEAM = 2T3V43LQHY;
				GENERATE_INFOPLIST_FILE = YES;
				MARKETING_VERSION = 1.0;
				PRODUCT_BUNDLE_IDENTIFIER = com.somefit.yogaNowUITests;
				PRODUCT_NAME = "$(TARGET_NAME)";
				SWIFT_EMIT_LOC_STRINGS = NO;
				SWIFT_VERSION = 5.0;
				TARGETED_DEVICE_FAMILY = "1,2";
				TEST_TARGET_NAME = yogaNow;
			};
			name = Release;
		};
/* End XCBuildConfiguration section */

/* Begin XCConfigurationList section */
		658EDC7D2D85A68800F9E6FD /* Build configuration list for PBXProject "yogaNow" */ = {
			isa = XCConfigurationList;
			buildConfigurations = (
				658EDCAE2D85A68A00F9E6FD /* Debug */,
				658EDCAF2D85A68A00F9E6FD /* Release */,
			);
			defaultConfigurationIsVisible = 0;
			defaultConfigurationName = Release;
		};
		658EDCAB2D85A68A00F9E6FD /* Build configuration list for PBXNativeTarget "yogaNow" */ = {
			isa = XCConfigurationList;
			buildConfigurations = (
				658EDCAC2D85A68A00F9E6FD /* Debug */,
				658EDCAD2D85A68A00F9E6FD /* Release */,
			);
			defaultConfigurationIsVisible = 0;
			defaultConfigurationName = Release;
		};
		658EDCB02D85A68A00F9E6FD /* Build configuration list for PBXNativeTarget "yogaNowTests" */ = {
			isa = XCConfigurationList;
			buildConfigurations = (
				658EDCB12D85A68A00F9E6FD /* Debug */,
				658EDCB22D85A68A00F9E6FD /* Release */,
			);
			defaultConfigurationIsVisible = 0;
			defaultConfigurationName = Release;
		};
		658EDCB32D85A68A00F9E6FD /* Build configuration list for PBXNativeTarget "yogaNowUITests" */ = {
			isa = XCConfigurationList;
			buildConfigurations = (
				658EDCB42D85A68A00F9E6FD /* Debug */,
				658EDCB52D85A68A00F9E6FD /* Release */,
			);
			defaultConfigurationIsVisible = 0;
			defaultConfigurationName = Release;
		};
/* End XCConfigurationList section */
	};
	rootObject = 658EDC7A2D85A68800F9E6FD /* Project object */;
}
